
Microsoft Visual Studio Solution File, Format Version 12.00
# Visual Studio Version 17
VisualStudioVersion = 17.9.34723.18
MinimumVisualStudioVersion = 10.0.40219.1
Project("{2150E333-8FDC-42A3-9474-1A3956D46DE8}") = "Services", "Services", "{3A256969-BA1B-475C-9835-62C254CDBCA4}"
EndProject
Project("{2150E333-8FDC-42A3-9474-1A3956D46DE8}") = "Catalog", "Catalog", "{CC589BCD-38C6-488D-8F31-1D63C8F688EE}"
EndProject
Project("{FAE04EC0-301F-11D3-BF4B-00C04F79EFBC}") = "Catalog.API", "Services\Catalog\Catalog.API\Catalog.API.csproj", "{BA01CB39-1FB8-4C52-9480-84E4E43041D9}"
EndProject
Global
	GlobalSection(SolutionConfigurationPlatforms) = preSolution
		Debug|Any CPU = Debug|Any CPU
		Release|Any CPU = Release|Any CPU
	EndGlobalSection
	GlobalSection(ProjectConfigurationPlatforms) = postSolution
		{BA01CB39-1FB8-4C52-9480-84E4E43041D9}.Debug|Any CPU.ActiveCfg = Debug|Any CPU
		{BA01CB39-1FB8-4C52-9480-84E4E43041D9}.Debug|Any CPU.Build.0 = Debug|Any CPU
		{BA01CB39-1FB8-4C52-9480-84E4E43041D9}.Release|Any CPU.ActiveCfg = Release|Any CPU
		{BA01CB39-1FB8-4C52-9480-84E4E43041D9}.Release|Any CPU.Build.0 = Release|Any CPU
	EndGlobalSection
	GlobalSection(SolutionProperties) = preSolution
		HideSolutionNode = FALSE
	EndGlobalSection
	GlobalSection(NestedProjects) = preSolution
		{CC589BCD-38C6-488D-8F31-1D63C8F688EE} = {3A256969-BA1B-475C-9835-62C254CDBCA4}
		{BA01CB39-1FB8-4C52-9480-84E4E43041D9} = {CC589BCD-38C6-488D-8F31-1D63C8F688EE}
	EndGlobalSection
	GlobalSection(ExtensibilityGlobals) = postSolution
		SolutionGuid = {FC18D6B8-1063-4C62-9D68-021C2A5D56FA}
	EndGlobalSection
EndGlobal
